
Microsoft Visual Studio Solution File, Format Version 12.00
# Visual Studio Version 17
VisualStudioVersion = 17.0.31903.59
MinimumVisualStudioVersion = 10.0.40219.1
Project("{FAE04EC0-301F-11D3-BF4B-00C04F79EFBC}") = "Api", "Api\Api.csproj", "{B132E9B5-EE8D-4B37-93FC-2B7056EA6DA2}"
EndProject
Project("{FAE04EC0-301F-11D3-BF4B-00C04F79EFBC}") = "Application", "Application\Application.csproj", "{133AC930-0B90-4A11-A9E5-DED7558F38CE}"
EndProject
Project("{FAE04EC0-301F-11D3-BF4B-00C04F79EFBC}") = "Domain", "Domain\Domain.csproj", "{1488D7BC-D06B-42FB-8F7C-042B15F96BEA}"
EndProject
Global
	GlobalSection(SolutionConfigurationPlatforms) = preSolution
		Debug|Any CPU = Debug|Any CPU
		Debug|x64 = Debug|x64
		Debug|x86 = Debug|x86
		Release|Any CPU = Release|Any CPU
		Release|x64 = Release|x64
		Release|x86 = Release|x86
	EndGlobalSection
	GlobalSection(ProjectConfigurationPlatforms) = postSolution
		{B132E9B5-EE8D-4B37-93FC-2B7056EA6DA2}.Debug|Any CPU.ActiveCfg = Debug|Any CPU
		{B132E9B5-EE8D-4B37-93FC-2B7056EA6DA2}.Debug|Any CPU.Build.0 = Debug|Any CPU
		{B132E9B5-EE8D-4B37-93FC-2B7056EA6DA2}.Debug|x64.ActiveCfg = Debug|Any CPU
		{B132E9B5-EE8D-4B37-93FC-2B7056EA6DA2}.Debug|x64.Build.0 = Debug|Any CPU
		{B132E9B5-EE8D-4B37-93FC-2B7056EA6DA2}.Debug|x86.ActiveCfg = Debug|Any CPU
		{B132E9B5-EE8D-4B37-93FC-2B7056EA6DA2}.Debug|x86.Build.0 = Debug|Any CPU
		{B132E9B5-EE8D-4B37-93FC-2B7056EA6DA2}.Release|Any CPU.ActiveCfg = Release|Any CPU
		{B132E9B5-EE8D-4B37-93FC-2B7056EA6DA2}.Release|Any CPU.Build.0 = Release|Any CPU
		{B132E9B5-EE8D-4B37-93FC-2B7056EA6DA2}.Release|x64.ActiveCfg = Release|Any CPU
		{B132E9B5-EE8D-4B37-93FC-2B7056EA6DA2}.Release|x64.Build.0 = Release|Any CPU
		{B132E9B5-EE8D-4B37-93FC-2B7056EA6DA2}.Release|x86.ActiveCfg = Release|Any CPU
		{B132E9B5-EE8D-4B37-93FC-2B7056EA6DA2}.Release|x86.Build.0 = Release|Any CPU
		{133AC930-0B90-4A11-A9E5-DED7558F38CE}.Debug|Any CPU.ActiveCfg = Debug|Any CPU
		{133AC930-0B90-4A11-A9E5-DED7558F38CE}.Debug|Any CPU.Build.0 = Debug|Any CPU
		{133AC930-0B90-4A11-A9E5-DED7558F38CE}.Debug|x64.ActiveCfg = Debug|Any CPU
		{133AC930-0B90-4A11-A9E5-DED7558F38CE}.Debug|x64.Build.0 = Debug|Any CPU
		{133AC930-0B90-4A11-A9E5-DED7558F38CE}.Debug|x86.ActiveCfg = Debug|Any CPU
		{133AC930-0B90-4A11-A9E5-DED7558F38CE}.Debug|x86.Build.0 = Debug|Any CPU
		{133AC930-0B90-4A11-A9E5-DED7558F38CE}.Release|Any CPU.ActiveCfg = Release|Any CPU
		{133AC930-0B90-4A11-A9E5-DED7558F38CE}.Release|Any CPU.Build.0 = Release|Any CPU
		{133AC930-0B90-4A11-A9E5-DED7558F38CE}.Release|x64.ActiveCfg = Release|Any CPU
		{133AC930-0B90-4A11-A9E5-DED7558F38CE}.Release|x64.Build.0 = Release|Any CPU
		{133AC930-0B90-4A11-A9E5-DED7558F38CE}.Release|x86.ActiveCfg = Release|Any CPU
		{133AC930-0B90-4A11-A9E5-DED7558F38CE}.Release|x86.Build.0 = Release|Any CPU
		{1488D7BC-D06B-42FB-8F7C-042B15F96BEA}.Debug|Any CPU.ActiveCfg = Debug|Any CPU
		{1488D7BC-D06B-42FB-8F7C-042B15F96BEA}.Debug|Any CPU.Build.0 = Debug|Any CPU
		{1488D7BC-D06B-42FB-8F7C-042B15F96BEA}.Debug|x64.ActiveCfg = Debug|Any CPU
		{1488D7BC-D06B-42FB-8F7C-042B15F96BEA}.Debug|x64.Build.0 = Debug|Any CPU
		{1488D7BC-D06B-42FB-8F7C-042B15F96BEA}.Debug|x86.ActiveCfg = Debug|Any CPU
		{1488D7BC-D06B-42FB-8F7C-042B15F96BEA}.Debug|x86.Build.0 = Debug|Any CPU
		{1488D7BC-D06B-42FB-8F7C-042B15F96BEA}.Release|Any CPU.ActiveCfg = Release|Any CPU
		{1488D7BC-D06B-42FB-8F7C-042B15F96BEA}.Release|Any CPU.Build.0 = Release|Any CPU
		{1488D7BC-D06B-42FB-8F7C-042B15F96BEA}.Release|x64.ActiveCfg = Release|Any CPU
		{1488D7BC-D06B-42FB-8F7C-042B15F96BEA}.Release|x64.Build.0 = Release|Any CPU
		{1488D7BC-D06B-42FB-8F7C-042B15F96BEA}.Release|x86.ActiveCfg = Release|Any CPU
		{1488D7BC-D06B-42FB-8F7C-042B15F96BEA}.Release|x86.Build.0 = Release|Any CPU
	EndGlobalSection
	GlobalSection(SolutionProperties) = preSolution
		HideSolutionNode = FALSE
	EndGlobalSection
EndGlobal
